
Microsoft Visual Studio Solution File, Format Version 12.00
# Visual Studio Version 17
VisualStudioVersion = 17.4.33122.133
MinimumVisualStudioVersion = 10.0.40219.1
Project("{9A19103F-16F7-4668-BE54-9A1E7A4F7556}") = "GameOfLifeApi", "GameOfLifeApi.csproj", "{00F4DCC3-08C6-4CF8-AB3C-E27D26233B17}"
EndProject
Global
	GlobalSection(SolutionConfigurationPlatforms) = preSolution
		Debug|Any CPU = Debug|Any CPU
		Release|Any CPU = Release|Any CPU
	EndGlobalSection
	GlobalSection(ProjectConfigurationPlatforms) = postSolution
		{00F4DCC3-08C6-4CF8-AB3C-E27D26233B17}.Debug|Any CPU.ActiveCfg = Debug|Any CPU
		{00F4DCC3-08C6-4CF8-AB3C-E27D26233B17}.Debug|Any CPU.Build.0 = Debug|Any CPU
		{00F4DCC3-08C6-4CF8-AB3C-E27D26233B17}.Release|Any CPU.ActiveCfg = Release|Any CPU
		{00F4DCC3-08C6-4CF8-AB3C-E27D26233B17}.Release|Any CPU.Build.0 = Release|Any CPU
	EndGlobalSection
	GlobalSection(SolutionProperties) = preSolution
		HideSolutionNode = FALSE
	EndGlobalSection
	GlobalSection(ExtensibilityGlobals) = postSolution
		SolutionGuid = {3AEC73E0-6859-414A-A7DD-2C5717119BB3}
	EndGlobalSection
EndGlobal
